
Microsoft Visual Studio Solution File, Format Version 12.00
# Visual Studio Version 17
VisualStudioVersion = 17.5.33627.172
MinimumVisualStudioVersion = 10.0.40219.1
Project("{9A19103F-16F7-4668-BE54-9A1E7A4F7556}") = "Empleados23AM", "Empleados\Empleados23AM.csproj", "{F7C7999A-8F68-4463-8B7A-BF908BC9EED1}"
EndProject
Global
	GlobalSection(SolutionConfigurationPlatforms) = preSolution
		Debug|Any CPU = Debug|Any CPU
		Release|Any CPU = Release|Any CPU
	EndGlobalSection
	GlobalSection(ProjectConfigurationPlatforms) = postSolution
		{F7C7999A-8F68-4463-8B7A-BF908BC9EED1}.Debug|Any CPU.ActiveCfg = Debug|Any CPU
		{F7C7999A-8F68-4463-8B7A-BF908BC9EED1}.Debug|Any CPU.Build.0 = Debug|Any CPU
		{F7C7999A-8F68-4463-8B7A-BF908BC9EED1}.Release|Any CPU.ActiveCfg = Release|Any CPU
		{F7C7999A-8F68-4463-8B7A-BF908BC9EED1}.Release|Any CPU.Build.0 = Release|Any CPU
	EndGlobalSection
	GlobalSection(SolutionProperties) = preSolution
		HideSolutionNode = FALSE
	EndGlobalSection
	GlobalSection(ExtensibilityGlobals) = postSolution
		SolutionGuid = {9ED25DE1-4BA6-46F7-9A12-731222C5AD2F}
	EndGlobalSection
EndGlobal
